
Microsoft Visual Studio Solution File, Format Version 12.00
# Visual Studio 15
VisualStudioVersion = 15.0.27130.2026
MinimumVisualStudioVersion = 10.0.40219.1
Project("{FAE04EC0-301F-11D3-BF4B-00C04F79EFBC}") = "GradeFinal", "GradeFinal\GradeFinal.csproj", "{35022144-FA5D-40F9-901B-6B30FF4B4815}"
EndProject
Project("{FAE04EC0-301F-11D3-BF4B-00C04F79EFBC}") = "Grade.Tests", "Grade.Tests\Grade.Tests.csproj", "{39C3AE4E-6E50-4A1E-9AE6-05DE56744633}"
EndProject
Global
	GlobalSection(SolutionConfigurationPlatforms) = preSolution
		Debug|Any CPU = Debug|Any CPU
		Release|Any CPU = Release|Any CPU
	EndGlobalSection
	GlobalSection(ProjectConfigurationPlatforms) = postSolution
		{35022144-FA5D-40F9-901B-6B30FF4B4815}.Debug|Any CPU.ActiveCfg = Debug|Any CPU
		{35022144-FA5D-40F9-901B-6B30FF4B4815}.Debug|Any CPU.Build.0 = Debug|Any CPU
		{35022144-FA5D-40F9-901B-6B30FF4B4815}.Release|Any CPU.ActiveCfg = Release|Any CPU
		{35022144-FA5D-40F9-901B-6B30FF4B4815}.Release|Any CPU.Build.0 = Release|Any CPU
		{39C3AE4E-6E50-4A1E-9AE6-05DE56744633}.Debug|Any CPU.ActiveCfg = Debug|Any CPU
		{39C3AE4E-6E50-4A1E-9AE6-05DE56744633}.Debug|Any CPU.Build.0 = Debug|Any CPU
		{39C3AE4E-6E50-4A1E-9AE6-05DE56744633}.Release|Any CPU.ActiveCfg = Release|Any CPU
		{39C3AE4E-6E50-4A1E-9AE6-05DE56744633}.Release|Any CPU.Build.0 = Release|Any CPU
	EndGlobalSection
	GlobalSection(SolutionProperties) = preSolution
		HideSolutionNode = FALSE
	EndGlobalSection
	GlobalSection(ExtensibilityGlobals) = postSolution
		SolutionGuid = {80BD9DB0-69DF-4235-8C93-008A8A46973E}
	EndGlobalSection
EndGlobal
